// !$*UTF8*$!
{
	archiveVersion = 1;
	classes = {
	};
	objectVersion = 46;
	objects = {

/* Begin PBXBuildFile section */
		D74BF94E1EB38B42007AB942 /* GameViewController.swift in Sources */ = {isa = PBXBuildFile; fileRef = D74BF94D1EB38B42007AB942 /* GameViewController.swift */; };
		D7811E1B1EB248750050D8B5 /* AppDelegate.swift in Sources */ = {isa = PBXBuildFile; fileRef = D7811E1A1EB248750050D8B5 /* AppDelegate.swift */; };
		D7811E1D1EB248750050D8B5 /* ViewController.swift in Sources */ = {isa = PBXBuildFile; fileRef = D7811E1C1EB248750050D8B5 /* ViewController.swift */; };
		D7811E201EB248750050D8B5 /* Main.storyboard in Resources */ = {isa = PBXBuildFile; fileRef = D7811E1E1EB248750050D8B5 /* Main.storyboard */; };
		D7811E221EB248750050D8B5 /* Assets.xcassets in Resources */ = {isa = PBXBuildFile; fileRef = D7811E211EB248750050D8B5 /* Assets.xcassets */; };
		D7811E251EB248750050D8B5 /* LaunchScreen.storyboard in Resources */ = {isa = PBXBuildFile; fileRef = D7811E231EB248750050D8B5 /* LaunchScreen.storyboard */; };
		D7811E2D1EB24A510050D8B5 /* GameScene.swift in Sources */ = {isa = PBXBuildFile; fileRef = D7811E2C1EB24A510050D8B5 /* GameScene.swift */; };
		D7A132661EB8D3C200330F3C /* OptionViewController.swift in Sources */ = {isa = PBXBuildFile; fileRef = D7A132651EB8D3C200330F3C /* OptionViewController.swift */; };
/* End PBXBuildFile section */

/* Begin PBXFileReference section */
		D74BF94D1EB38B42007AB942 /* GameViewController.swift */ = {isa = PBXFileReference; fileEncoding = 4; lastKnownFileType = sourcecode.swift; path = GameViewController.swift; sourceTree = "<group>"; };
		D7811E171EB248750050D8B5 /* Anthophobia.app */ = {isa = PBXFileReference; explicitFileType = wrapper.application; includeInIndex = 0; path = Anthophobia.app; sourceTree = BUILT_PRODUCTS_DIR; };
		D7811E1A1EB248750050D8B5 /* AppDelegate.swift */ = {isa = PBXFileReference; lastKnownFileType = sourcecode.swift; path = AppDelegate.swift; sourceTree = "<group>"; };
		D7811E1C1EB248750050D8B5 /* ViewController.swift */ = {isa = PBXFileReference; lastKnownFileType = sourcecode.swift; path = ViewController.swift; sourceTree = "<group>"; };
		D7811E1F1EB248750050D8B5 /* Base */ = {isa = PBXFileReference; lastKnownFileType = file.storyboard; name = Base; path = Base.lproj/Main.storyboard; sourceTree = "<group>"; };
		D7811E211EB248750050D8B5 /* Assets.xcassets */ = {isa = PBXFileReference; lastKnownFileType = folder.assetcatalog; path = Assets.xcassets; sourceTree = "<group>"; };
		D7811E241EB248750050D8B5 /* Base */ = {isa = PBXFileReference; lastKnownFileType = file.storyboard; name = Base; path = Base.lproj/LaunchScreen.storyboard; sourceTree = "<group>"; };
		D7811E261EB248750050D8B5 /* Info.plist */ = {isa = PBXFileReference; lastKnownFileType = text.plist.xml; path = Info.plist; sourceTree = "<group>"; };
		D7811E2C1EB24A510050D8B5 /* GameScene.swift */ = {isa = PBXFileReference; fileEncoding = 4; lastKnownFileType = sourcecode.swift; path = GameScene.swift; sourceTree = "<group>"; };
		D7A132651EB8D3C200330F3C /* OptionViewController.swift */ = {isa = PBXFileReference; fileEncoding = 4; lastKnownFileType = sourcecode.swift; path = OptionViewController.swift; sourceTree = "<group>"; };
/* End PBXFileReference section */

/* Begin PBXFrameworksBuildPhase section */
		D7811E141EB248750050D8B5 /* Frameworks */ = {
			isa = PBXFrameworksBuildPhase;
			buildActionMask = 2147483647;
			files = (
			);
			runOnlyForDeploymentPostprocessing = 0;
		};
/* End PBXFrameworksBuildPhase section */

/* Begin PBXGroup section */
		D7811E0E1EB248750050D8B5 = {
			isa = PBXGroup;
			children = (
				D7811E191EB248750050D8B5 /* Anthophobia */,
				D7811E181EB248750050D8B5 /* Products */,
				D7A132651EB8D3C200330F3C /* OptionViewController.swift */,
			);
			sourceTree = "<group>";
		};
		D7811E181EB248750050D8B5 /* Products */ = {
			isa = PBXGroup;
			children = (
				D7811E171EB248750050D8B5 /* Anthophobia.app */,
			);
			name = Products;
			sourceTree = "<group>";
		};
		D7811E191EB248750050D8B5 /* Anthophobia */ = {
			isa = PBXGroup;
			children = (
				D7811E1A1EB248750050D8B5 /* AppDelegate.swift */,
				D7811E1C1EB248750050D8B5 /* ViewController.swift */,
				D7811E2C1EB24A510050D8B5 /* GameScene.swift */,
				D74BF94D1EB38B42007AB942 /* GameViewController.swift */,
				D7811E1E1EB248750050D8B5 /* Main.storyboard */,
				D7811E211EB248750050D8B5 /* Assets.xcassets */,
				D7811E231EB248750050D8B5 /* LaunchScreen.storyboard */,
				D7811E261EB248750050D8B5 /* Info.plist */,
			);
			path = Anthophobia;
			sourceTree = "<group>";
		};
/* End PBXGroup section */

/* Begin PBXNativeTarget section */
		D7811E161EB248750050D8B5 /* Anthophobia */ = {
			isa = PBXNativeTarget;
			buildConfigurationList = D7811E291EB248750050D8B5 /* Build configuration list for PBXNativeTarget "Anthophobia" */;
			buildPhases = (
				D7811E131EB248750050D8B5 /* Sources */,
				D7811E141EB248750050D8B5 /* Frameworks */,
				D7811E151EB248750050D8B5 /* Resources */,
			);
			buildRules = (
			);
			dependencies = (
			);
			name = Anthophobia;
			productName = Anthophobia;
			productReference = D7811E171EB248750050D8B5 /* Anthophobia.app */;
			productType = "com.apple.product-type.application";
		};
/* End PBXNativeTarget section */

/* Begin PBXProject section */
		D7811E0F1EB248750050D8B5 /* Project object */ = {
			isa = PBXProject;
			attributes = {
				LastSwiftUpdateCheck = 0830;
				LastUpgradeCheck = 0830;
				ORGANIZATIONNAME = "John Hersey High School";
				TargetAttributes = {
					D7811E161EB248750050D8B5 = {
						CreatedOnToolsVersion = 8.3.2;
						DevelopmentTeam = 8HA69WDLHM;
						ProvisioningStyle = Automatic;
					};
				};
			};
			buildConfigurationList = D7811E121EB248750050D8B5 /* Build configuration list for PBXProject "Anthophobia" */;
			compatibilityVersion = "Xcode 3.2";
			developmentRegion = English;
			hasScannedForEncodings = 0;
			knownRegions = (
				en,
				Base,
			);
			mainGroup = D7811E0E1EB248750050D8B5;
			productRefGroup = D7811E181EB248750050D8B5 /* Products */;
			projectDirPath = "";
			projectRoot = "";
			targets = (
				D7811E161EB248750050D8B5 /* Anthophobia */,
			);
		};
/* End PBXProject section */

/* Begin PBXResourcesBuildPhase section */
		D7811E151EB248750050D8B5 /* Resources */ = {
			isa = PBXResourcesBuildPhase;
			buildActionMask = 2147483647;
			files = (
				D7811E251EB248750050D8B5 /* LaunchScreen.storyboard in Resources */,
				D7811E221EB248750050D8B5 /* Assets.xcassets in Resources */,
				D7811E201EB248750050D8B5 /* Main.storyboard in Resources */,
			);
			runOnlyForDeploymentPostprocessing = 0;
		};
/* End PBXResourcesBuildPhase section */

/* Begin PBXSourcesBuildPhase section */
		D7811E131EB248750050D8B5 /* Sources */ = {
			isa = PBXSourcesBuildPhase;
			buildActionMask = 2147483647;
			files = (
				D74BF94E1EB38B42007AB942 /* GameViewController.swift in Sources */,
				D7A132661EB8D3C200330F3C /* OptionViewController.swift in Sources */,
				D7811E2D1EB24A510050D8B5 /* GameScene.swift in Sources */,
				D7811E1D1EB248750050D8B5 /* ViewController.swift in Sources */,
				D7811E1B1EB248750050D8B5 /* AppDelegate.swift in Sources */,
			);
			runOnlyForDeploymentPostprocessing = 0;
		};
/* End PBXSourcesBuildPhase section */

/* Begin PBXVariantGroup section */
		D7811E1E1EB248750050D8B5 /* Main.storyboard */ = {
			isa = PBXVariantGroup;
			children = (
				D7811E1F1EB248750050D8B5 /* Base */,
			);
			name = Main.storyboard;
			sourceTree = "<group>";
		};
		D7811E231EB248750050D8B5 /* LaunchScreen.storyboard */ = {
			isa = PBXVariantGroup;
			children = (
				D7811E241EB248750050D8B5 /* Base */,
			);
			name = LaunchScreen.storyboard;
			sourceTree = "<group>";
		};
/* End PBXVariantGroup section */

/* Begin XCBuildConfiguration section */
		D7811E271EB248750050D8B5 /* Debug */ = {
			isa = XCBuildConfiguration;
			buildSettings = {
				ALWAYS_SEARCH_USER_PATHS = NO;
				CLANG_ANALYZER_NONNULL = YES;
				CLANG_ANALYZER_NUMBER_OBJECT_CONVERSION = YES_AGGRESSIVE;
				CLANG_CXX_LANGUAGE_STANDARD = "gnu++0x";
				CLANG_CXX_LIBRARY = "libc++";
				CLANG_ENABLE_MODULES = YES;
				CLANG_ENABLE_OBJC_ARC = YES;
				CLANG_WARN_BOOL_CONVERSION = YES;
				CLANG_WARN_CONSTANT_CONVERSION = YES;
				CLANG_WARN_DIRECT_OBJC_ISA_USAGE = YES_ERROR;
				CLANG_WARN_DOCUMENTATION_COMMENTS = YES;
				CLANG_WARN_EMPTY_BODY = YES;
				CLANG_WARN_ENUM_CONVERSION = YES;
				CLANG_WARN_INFINITE_RECURSION = YES;
				CLANG_WARN_INT_CONVERSION = YES;
				CLANG_WARN_OBJC_ROOT_CLASS = YES_ERROR;
				CLANG_WARN_SUSPICIOUS_MOVE = YES;
				CLANG_WARN_UNREACHABLE_CODE = YES;
				CLANG_WARN__DUPLICATE_METHOD_MATCH = YES;
				"CODE_SIGN_IDENTITY[sdk=iphoneos*]" = "iPhone Developer";
				COPY_PHASE_STRIP = NO;
				DEBUG_INFORMATION_FORMAT = dwarf;
				ENABLE_STRICT_OBJC_MSGSEND = YES;
				ENABLE_TESTABILITY = YES;
				GCC_C_LANGUAGE_STANDARD = gnu99;
				GCC_DYNAMIC_NO_PIC = NO;
				GCC_NO_COMMON_BLOCKS = YES;
				GCC_OPTIMIZATION_LEVEL = 0;
				GCC_PREPROCESSOR_DEFINITIONS = (
					"DEBUG=1",
					"$(inherited)",
				);
				GCC_WARN_64_TO_32_BIT_CONVERSION = YES;
				GCC_WARN_ABOUT_RETURN_TYPE = YES_ERROR;
				GCC_WARN_UNDECLARED_SELECTOR = YES;
				GCC_WARN_UNINITIALIZED_AUTOS = YES_AGGRESSIVE;
				GCC_WARN_UNUSED_FUNCTION = YES;
				GCC_WARN_UNUSED_VARIABLE = YES;
				IPHONEOS_DEPLOYMENT_TARGET = 10.3;
				MTL_ENABLE_DEBUG_INFO = YES;
				ONLY_ACTIVE_ARCH = YES;
				SDKROOT = iphoneos;
				SWIFT_ACTIVE_COMPILATION_CONDITIONS = DEBUG;
				SWIFT_OPTIMIZATION_LEVEL = "-Onone";
				TARGETED_DEVICE_FAMILY = "1,2";
			};
			name = Debug;
		};
		D7811E281EB248750050D8B5 /* Release */ = {
			isa = XCBuildConfiguration;
			buildSettings = {
				ALWAYS_SEARCH_USER_PATHS = NO;
				CLANG_ANALYZER_NONNULL = YES;
				CLANG_ANALYZER_NUMBER_OBJECT_CONVERSION = YES_AGGRESSIVE;
				CLANG_CXX_LANGUAGE_STANDARD = "gnu++0x";
				CLANG_CXX_LIBRARY = "libc++";
				CLANG_ENABLE_MODULES = YES;
				CLANG_ENABLE_OBJC_ARC = YES;
				CLANG_WARN_BOOL_CONVERSION = YES;
				CLANG_WARN_CONSTANT_CONVERSION = YES;
				CLANG_WARN_DIRECT_OBJC_ISA_USAGE = YES_ERROR;
				CLANG_WARN_DOCUMENTATION_COMMENTS = YES;
				CLANG_WARN_EMPTY_BODY = YES;
				CLANG_WARN_ENUM_CONVERSION = YES;
				CLANG_WARN_INFINITE_RECURSION = YES;
				CLANG_WARN_INT_CONVERSION = YES;
				CLANG_WARN_OBJC_ROOT_CLASS = YES_ERROR;
				CLANG_WARN_SUSPICIOUS_MOVE = YES;
				CLANG_WARN_UNREACHABLE_CODE = YES;
				CLANG_WARN__DUPLICATE_METHOD_MATCH = YES;
				"CODE_SIGN_IDENTITY[sdk=iphoneos*]" = "iPhone Developer";
				COPY_PHASE_STRIP = NO;
				DEBUG_INFORMATION_FORMAT = "dwarf-with-dsym";
				ENABLE_NS_ASSERTIONS = NO;
				ENABLE_STRICT_OBJC_MSGSEND = YES;
				GCC_C_LANGUAGE_STANDARD = gnu99;
				GCC_NO_COMMON_BLOCKS = YES;
				GCC_WARN_64_TO_32_BIT_CONVERSION = YES;
				GCC_WARN_ABOUT_RETURN_TYPE = YES_ERROR;
				GCC_WARN_UNDECLARED_SELECTOR = YES;
				GCC_WARN_UNINITIALIZED_AUTOS = YES_AGGRESSIVE;
				GCC_WARN_UNUSED_FUNCTION = YES;
				GCC_WARN_UNUSED_VARIABLE = YES;
				IPHONEOS_DEPLOYMENT_TARGET = 10.3;
				MTL_ENABLE_DEBUG_INFO = NO;
				SDKROOT = iphoneos;
				SWIFT_OPTIMIZATION_LEVEL = "-Owholemodule";
				TARGETED_DEVICE_FAMILY = "1,2";
				VALIDATE_PRODUCT = YES;
			};
			name = Release;
		};
		D7811E2A1EB248750050D8B5 /* Debug */ = {
			isa = XCBuildConfiguration;
			buildSettings = {
				ASSETCATALOG_COMPILER_APPICON_NAME = AppIcon;
				DEVELOPMENT_TEAM = 8HA69WDLHM;
				INFOPLIST_FILE = Anthophobia/Info.plist;
				LD_RUNPATH_SEARCH_PATHS = "$(inherited) @executable_path/Frameworks";
				PRODUCT_BUNDLE_IDENTIFIER = org.jhhs.617237.Anthophobia;
				PRODUCT_NAME = "$(TARGET_NAME)";
				SWIFT_VERSION = 3.0;
			};
			name = Debug;
		};
		D7811E2B1EB248750050D8B5 /* Release */ = {
			isa = XCBuildConfiguration;
			buildSettings = {
				ASSETCATALOG_COMPILER_APPICON_NAME = AppIcon;
				DEVELOPMENT_TEAM = 8HA69WDLHM;
				INFOPLIST_FILE = Anthophobia/Info.plist;
				LD_RUNPATH_SEARCH_PATHS = "$(inherited) @executable_path/Frameworks";
				PRODUCT_BUNDLE_IDENTIFIER = org.jhhs.617237.Anthophobia;
				PRODUCT_NAME = "$(TARGET_NAME)";
				SWIFT_VERSION = 3.0;
			};
			name = Release;
		};
/* End XCBuildConfiguration section */

/* Begin XCConfigurationList section */
		D7811E121EB248750050D8B5 /* Build configuration list for PBXProject "Anthophobia" */ = {
			isa = XCConfigurationList;
			buildConfigurations = (
				D7811E271EB248750050D8B5 /* Debug */,
				D7811E281EB248750050D8B5 /* Release */,
			);
			defaultConfigurationIsVisible = 0;
			defaultConfigurationName = Release;
		};
		D7811E291EB248750050D8B5 /* Build configuration list for PBXNativeTarget "Anthophobia" */ = {
			isa = XCConfigurationList;
			buildConfigurations = (
				D7811E2A1EB248750050D8B5 /* Debug */,
				D7811E2B1EB248750050D8B5 /* Release */,
			);
			defaultConfigurationIsVisible = 0;
			defaultConfigurationName = Release;
		};
/* End XCConfigurationList section */
	};
	rootObject = D7811E0F1EB248750050D8B5 /* Project object */;
}
